# THIS IS AN AUTOGENERATED FILE. DO NOT EDIT THIS FILE DIRECTLY.
# yarn lockfile v1


"@types/luxon@^1.25.0":
  version "1.25.0"
  resolved "https://registry.yarnpkg.com/@types/luxon/-/luxon-1.25.0.tgz#3d6fe591fac874f48dd225cb5660b2b785a21a05"
  integrity sha512-iIJp2CP6C32gVqI08HIYnzqj55tlLnodIBMCcMf28q9ckqMfMzocCmIzd9JWI/ALLPMUiTkCu1JGv3FFtu6t3g==

luxon@^1.25.0:
  version "1.25.0"
  resolved "https://registry.yarnpkg.com/luxon/-/luxon-1.25.0.tgz#d86219e90bc0102c0eb299d65b2f5e95efe1fe72"
  integrity sha512-hEgLurSH8kQRjY6i4YLey+mcKVAWXbDNlZRmM6AgWDJ1cY3atl8Ztf5wEY7VBReFbmGnwQPz7KYJblL8B2k0jQ==
